// !$*UTF8*$!
{
	archiveVersion = 1;
	classes = {
	};
	objectVersion = 55;
	objects = {

/* Begin PBXBuildFile section */
		29200A7827B458200092E649 /* SwiftUIShadersApp.swift in Sources */ = {isa = PBXBuildFile; fileRef = 29200A7727B458200092E649 /* SwiftUIShadersApp.swift */; };
		29200A7C27B458220092E649 /* Assets.xcassets in Resources */ = {isa = PBXBuildFile; fileRef = 29200A7B27B458220092E649 /* Assets.xcassets */; };
		29200A7F27B458220092E649 /* Preview Assets.xcassets in Resources */ = {isa = PBXBuildFile; fileRef = 29200A7E27B458220092E649 /* Preview Assets.xcassets */; };
		29200A8627B458770092E649 /* ShaderScene.swift in Sources */ = {isa = PBXBuildFile; fileRef = 29200A8527B458770092E649 /* ShaderScene.swift */; };
		29200A8827B45D9D0092E649 /* SHKWater.fsh in Resources */ = {isa = PBXBuildFile; fileRef = 29200A8727B45D9D0092E649 /* SHKWater.fsh */; };
		29200A8A27B45E300092E649 /* UIView+Extensions.swift in Sources */ = {isa = PBXBuildFile; fileRef = 29200A8927B45E300092E649 /* UIView+Extensions.swift */; };
		29200A8C27B45EA80092E649 /* ShaderTestView.swift in Sources */ = {isa = PBXBuildFile; fileRef = 29200A8B27B45EA80092E649 /* ShaderTestView.swift */; };
		29200A8F27B4F3410092E649 /* Shapes in Frameworks */ = {isa = PBXBuildFile; productRef = 29200A8E27B4F3410092E649 /* Shapes */; };
		296889AC27C60BD200B6E26D /* FilterMenu.swift in Sources */ = {isa = PBXBuildFile; fileRef = 296889AB27C60BD200B6E26D /* FilterMenu.swift */; };
		296889AE27C62C9500B6E26D /* hello.png in Resources */ = {isa = PBXBuildFile; fileRef = 296889AD27C62C9500B6E26D /* hello.png */; };
		2980EBF127BCB7E30053E6B6 /* CIFilter+Extensions.swift in Sources */ = {isa = PBXBuildFile; fileRef = 2980EBF027BCB7E30053E6B6 /* CIFilter+Extensions.swift */; };
		2980EC0427BCDD6E0053E6B6 /* CIManager.swift in Sources */ = {isa = PBXBuildFile; fileRef = 2980EC0327BCDD6E0053E6B6 /* CIManager.swift */; };
		29A9FCC527C88E9000A5B71F /* FilterMenuViewModel.swift in Sources */ = {isa = PBXBuildFile; fileRef = 29A9FCC427C88E9000A5B71F /* FilterMenuViewModel.swift */; };
		29A9FCC827C8951600A5B71F /* FilterMenuItem.swift in Sources */ = {isa = PBXBuildFile; fileRef = 29A9FCC727C8951600A5B71F /* FilterMenuItem.swift */; };
		29A9FCCA27C8961100A5B71F /* FilterDetailView.swift in Sources */ = {isa = PBXBuildFile; fileRef = 29A9FCC927C8961100A5B71F /* FilterDetailView.swift */; };
		29A9FCCC27C8C17C00A5B71F /* FilterDetailViewModel.swift in Sources */ = {isa = PBXBuildFile; fileRef = 29A9FCCB27C8C17C00A5B71F /* FilterDetailViewModel.swift */; };
		29A9FCD027C8C9A600A5B71F /* FilterSliderControlViewModel.swift in Sources */ = {isa = PBXBuildFile; fileRef = 29A9FCCF27C8C9A600A5B71F /* FilterSliderControlViewModel.swift */; };
		29A9FCD227C8CAC600A5B71F /* FilterSliderControlView.swift in Sources */ = {isa = PBXBuildFile; fileRef = 29A9FCD127C8CAC600A5B71F /* FilterSliderControlView.swift */; };
		29D9F44627CB31AF00465A86 /* MainMenu.swift in Sources */ = {isa = PBXBuildFile; fileRef = 29D9F44527CB31AF00465A86 /* MainMenu.swift */; };
		29D9F44827CB37C800465A86 /* FilterViewModel.swift in Sources */ = {isa = PBXBuildFile; fileRef = 29D9F44727CB37C800465A86 /* FilterViewModel.swift */; };
/* End PBXBuildFile section */

/* Begin PBXFileReference section */
		29200A7427B458200092E649 /* SwiftUIShaders.app */ = {isa = PBXFileReference; explicitFileType = wrapper.application; includeInIndex = 0; path = SwiftUIShaders.app; sourceTree = BUILT_PRODUCTS_DIR; };
		29200A7727B458200092E649 /* SwiftUIShadersApp.swift */ = {isa = PBXFileReference; lastKnownFileType = sourcecode.swift; path = SwiftUIShadersApp.swift; sourceTree = "<group>"; };
		29200A7B27B458220092E649 /* Assets.xcassets */ = {isa = PBXFileReference; lastKnownFileType = folder.assetcatalog; path = Assets.xcassets; sourceTree = "<group>"; };
		29200A7E27B458220092E649 /* Preview Assets.xcassets */ = {isa = PBXFileReference; lastKnownFileType = folder.assetcatalog; path = "Preview Assets.xcassets"; sourceTree = "<group>"; };
		29200A8527B458770092E649 /* ShaderScene.swift */ = {isa = PBXFileReference; lastKnownFileType = sourcecode.swift; path = ShaderScene.swift; sourceTree = "<group>"; };
		29200A8727B45D9D0092E649 /* SHKWater.fsh */ = {isa = PBXFileReference; fileEncoding = 4; lastKnownFileType = sourcecode.glsl; path = SHKWater.fsh; sourceTree = "<group>"; };
		29200A8927B45E300092E649 /* UIView+Extensions.swift */ = {isa = PBXFileReference; fileEncoding = 4; lastKnownFileType = sourcecode.swift; path = "UIView+Extensions.swift"; sourceTree = "<group>"; };
		29200A8B27B45EA80092E649 /* ShaderTestView.swift */ = {isa = PBXFileReference; lastKnownFileType = sourcecode.swift; path = ShaderTestView.swift; sourceTree = "<group>"; };
		296889AB27C60BD200B6E26D /* FilterMenu.swift */ = {isa = PBXFileReference; lastKnownFileType = sourcecode.swift; path = FilterMenu.swift; sourceTree = "<group>"; };
		296889AD27C62C9500B6E26D /* hello.png */ = {isa = PBXFileReference; lastKnownFileType = image.png; name = hello.png; path = Assets.xcassets/hello.imageset/hello.png; sourceTree = "<group>"; };
		2980EBF027BCB7E30053E6B6 /* CIFilter+Extensions.swift */ = {isa = PBXFileReference; fileEncoding = 4; lastKnownFileType = sourcecode.swift; path = "CIFilter+Extensions.swift"; sourceTree = "<group>"; };
		2980EC0327BCDD6E0053E6B6 /* CIManager.swift */ = {isa = PBXFileReference; fileEncoding = 4; lastKnownFileType = sourcecode.swift; path = CIManager.swift; sourceTree = "<group>"; };
		29A9FCC427C88E9000A5B71F /* FilterMenuViewModel.swift */ = {isa = PBXFileReference; lastKnownFileType = sourcecode.swift; path = FilterMenuViewModel.swift; sourceTree = "<group>"; };
		29A9FCC727C8951600A5B71F /* FilterMenuItem.swift */ = {isa = PBXFileReference; lastKnownFileType = sourcecode.swift; path = FilterMenuItem.swift; sourceTree = "<group>"; };
		29A9FCC927C8961100A5B71F /* FilterDetailView.swift */ = {isa = PBXFileReference; lastKnownFileType = sourcecode.swift; path = FilterDetailView.swift; sourceTree = "<group>"; };
		29A9FCCB27C8C17C00A5B71F /* FilterDetailViewModel.swift */ = {isa = PBXFileReference; lastKnownFileType = sourcecode.swift; path = FilterDetailViewModel.swift; sourceTree = "<group>"; };
		29A9FCCF27C8C9A600A5B71F /* FilterSliderControlViewModel.swift */ = {isa = PBXFileReference; lastKnownFileType = sourcecode.swift; path = FilterSliderControlViewModel.swift; sourceTree = "<group>"; };
		29A9FCD127C8CAC600A5B71F /* FilterSliderControlView.swift */ = {isa = PBXFileReference; lastKnownFileType = sourcecode.swift; path = FilterSliderControlView.swift; sourceTree = "<group>"; };
		29D9F44527CB31AF00465A86 /* MainMenu.swift */ = {isa = PBXFileReference; lastKnownFileType = sourcecode.swift; path = MainMenu.swift; sourceTree = "<group>"; };
		29D9F44727CB37C800465A86 /* FilterViewModel.swift */ = {isa = PBXFileReference; lastKnownFileType = sourcecode.swift; path = FilterViewModel.swift; sourceTree = "<group>"; };
/* End PBXFileReference section */

/* Begin PBXFrameworksBuildPhase section */
		29200A7127B458200092E649 /* Frameworks */ = {
			isa = PBXFrameworksBuildPhase;
			buildActionMask = 2147483647;
			files = (
				29200A8F27B4F3410092E649 /* Shapes in Frameworks */,
			);
			runOnlyForDeploymentPostprocessing = 0;
		};
/* End PBXFrameworksBuildPhase section */

/* Begin PBXGroup section */
		29200A6B27B458200092E649 = {
			isa = PBXGroup;
			children = (
				29200A7627B458200092E649 /* SwiftUIShaders */,
				29200A7527B458200092E649 /* Products */,
			);
			sourceTree = "<group>";
		};
		29200A7527B458200092E649 /* Products */ = {
			isa = PBXGroup;
			children = (
				29200A7427B458200092E649 /* SwiftUIShaders.app */,
			);
			name = Products;
			sourceTree = "<group>";
		};
		29200A7627B458200092E649 /* SwiftUIShaders */ = {
			isa = PBXGroup;
			children = (
				29D9F44927CB438400465A86 /* Views */,
				29A9FCC627C894DA00A5B71F /* CIFilters */,
				29A9FCC327C88DAA00A5B71F /* Extensions */,
				29200A7727B458200092E649 /* SwiftUIShadersApp.swift */,
				29200A8527B458770092E649 /* ShaderScene.swift */,
				29200A7B27B458220092E649 /* Assets.xcassets */,
				296889AD27C62C9500B6E26D /* hello.png */,
				29200A8727B45D9D0092E649 /* SHKWater.fsh */,
				29200A7D27B458220092E649 /* Preview Content */,
			);
			path = SwiftUIShaders;
			sourceTree = "<group>";
		};
		29200A7D27B458220092E649 /* Preview Content */ = {
			isa = PBXGroup;
			children = (
				29200A7E27B458220092E649 /* Preview Assets.xcassets */,
			);
			path = "Preview Content";
			sourceTree = "<group>";
		};
		29A9FCC327C88DAA00A5B71F /* Extensions */ = {
			isa = PBXGroup;
			children = (
				2980EBF027BCB7E30053E6B6 /* CIFilter+Extensions.swift */,
				29200A8927B45E300092E649 /* UIView+Extensions.swift */,
			);
			path = Extensions;
			sourceTree = "<group>";
		};
		29A9FCC627C894DA00A5B71F /* CIFilters */ = {
			isa = PBXGroup;
			children = (
				2980EC0327BCDD6E0053E6B6 /* CIManager.swift */,
				29A9FCCE27C8C97400A5B71F /* ViewModels */,
				29A9FCCD27C8C95F00A5B71F /* Views */,
			);
			path = CIFilters;
			sourceTree = "<group>";
		};
		29A9FCCD27C8C95F00A5B71F /* Views */ = {
			isa = PBXGroup;
			children = (
				29A9FCC727C8951600A5B71F /* FilterMenuItem.swift */,
				29A9FCC927C8961100A5B71F /* FilterDetailView.swift */,
				29A9FCD127C8CAC600A5B71F /* FilterSliderControlView.swift */,
			);
			path = Views;
			sourceTree = "<group>";
		};
		29A9FCCE27C8C97400A5B71F /* ViewModels */ = {
			isa = PBXGroup;
			children = (
				29A9FCCF27C8C9A600A5B71F /* FilterSliderControlViewModel.swift */,
				29A9FCC427C88E9000A5B71F /* FilterMenuViewModel.swift */,
				29A9FCCB27C8C17C00A5B71F /* FilterDetailViewModel.swift */,
				29D9F44727CB37C800465A86 /* FilterViewModel.swift */,
			);
			path = ViewModels;
			sourceTree = "<group>";
		};
		29D9F44927CB438400465A86 /* Views */ = {
			isa = PBXGroup;
			children = (
				29D9F44527CB31AF00465A86 /* MainMenu.swift */,
				29200A8B27B45EA80092E649 /* ShaderTestView.swift */,
				296889AB27C60BD200B6E26D /* FilterMenu.swift */,
			);
			path = Views;
			sourceTree = "<group>";
		};
/* End PBXGroup section */

/* Begin PBXNativeTarget section */
		29200A7327B458200092E649 /* SwiftUIShaders */ = {
			isa = PBXNativeTarget;
			buildConfigurationList = 29200A8227B458220092E649 /* Build configuration list for PBXNativeTarget "SwiftUIShaders" */;
			buildPhases = (
				29200A7027B458200092E649 /* Sources */,
				29200A7127B458200092E649 /* Frameworks */,
				29200A7227B458200092E649 /* Resources */,
			);
			buildRules = (
			);
			dependencies = (
			);
			name = SwiftUIShaders;
			packageProductDependencies = (
				29200A8E27B4F3410092E649 /* Shapes */,
			);
			productName = SwiftUIShaders;
			productReference = 29200A7427B458200092E649 /* SwiftUIShaders.app */;
			productType = "com.apple.product-type.application";
		};
/* End PBXNativeTarget section */

/* Begin PBXProject section */
		29200A6C27B458200092E649 /* Project object */ = {
			isa = PBXProject;
			attributes = {
				BuildIndependentTargetsInParallel = 1;
				LastSwiftUpdateCheck = 1310;
				LastUpgradeCheck = 1310;
				TargetAttributes = {
					29200A7327B458200092E649 = {
						CreatedOnToolsVersion = 13.1;
					};
				};
			};
			buildConfigurationList = 29200A6F27B458200092E649 /* Build configuration list for PBXProject "SwiftUIShaders" */;
			compatibilityVersion = "Xcode 13.0";
			developmentRegion = en;
			hasScannedForEncodings = 0;
			knownRegions = (
				en,
				Base,
			);
			mainGroup = 29200A6B27B458200092E649;
			packageReferences = (
				29200A8D27B4F3410092E649 /* XCRemoteSwiftPackageReference "Shapes" */,
			);
			productRefGroup = 29200A7527B458200092E649 /* Products */;
			projectDirPath = "";
			projectRoot = "";
			targets = (
				29200A7327B458200092E649 /* SwiftUIShaders */,
			);
		};
/* End PBXProject section */

/* Begin PBXResourcesBuildPhase section */
		29200A7227B458200092E649 /* Resources */ = {
			isa = PBXResourcesBuildPhase;
			buildActionMask = 2147483647;
			files = (
				29200A7F27B458220092E649 /* Preview Assets.xcassets in Resources */,
				296889AE27C62C9500B6E26D /* hello.png in Resources */,
				29200A8827B45D9D0092E649 /* SHKWater.fsh in Resources */,
				29200A7C27B458220092E649 /* Assets.xcassets in Resources */,
			);
			runOnlyForDeploymentPostprocessing = 0;
		};
/* End PBXResourcesBuildPhase section */

/* Begin PBXSourcesBuildPhase section */
		29200A7027B458200092E649 /* Sources */ = {
			isa = PBXSourcesBuildPhase;
			buildActionMask = 2147483647;
			files = (
				29200A8C27B45EA80092E649 /* ShaderTestView.swift in Sources */,
				29200A7827B458200092E649 /* SwiftUIShadersApp.swift in Sources */,
				29A9FCC827C8951600A5B71F /* FilterMenuItem.swift in Sources */,
				29200A8A27B45E300092E649 /* UIView+Extensions.swift in Sources */,
				296889AC27C60BD200B6E26D /* FilterMenu.swift in Sources */,
				29A9FCCA27C8961100A5B71F /* FilterDetailView.swift in Sources */,
				2980EBF127BCB7E30053E6B6 /* CIFilter+Extensions.swift in Sources */,
				29D9F44827CB37C800465A86 /* FilterViewModel.swift in Sources */,
				29A9FCD027C8C9A600A5B71F /* FilterSliderControlViewModel.swift in Sources */,
				29A9FCC527C88E9000A5B71F /* FilterMenuViewModel.swift in Sources */,
				29D9F44627CB31AF00465A86 /* MainMenu.swift in Sources */,
				29A9FCCC27C8C17C00A5B71F /* FilterDetailViewModel.swift in Sources */,
				29200A8627B458770092E649 /* ShaderScene.swift in Sources */,
				29A9FCD227C8CAC600A5B71F /* FilterSliderControlView.swift in Sources */,
				2980EC0427BCDD6E0053E6B6 /* CIManager.swift in Sources */,
			);
			runOnlyForDeploymentPostprocessing = 0;
		};
/* End PBXSourcesBuildPhase section */

/* Begin XCBuildConfiguration section */
		29200A8027B458220092E649 /* Debug */ = {
			isa = XCBuildConfiguration;
			buildSettings = {
				ALWAYS_SEARCH_USER_PATHS = NO;
				CLANG_ANALYZER_NONNULL = YES;
				CLANG_ANALYZER_NUMBER_OBJECT_CONVERSION = YES_AGGRESSIVE;
				CLANG_CXX_LANGUAGE_STANDARD = "gnu++17";
				CLANG_CXX_LIBRARY = "libc++";
				CLANG_ENABLE_MODULES = YES;
				CLANG_ENABLE_OBJC_ARC = YES;
				CLANG_ENABLE_OBJC_WEAK = YES;
				CLANG_WARN_BLOCK_CAPTURE_AUTORELEASING = YES;
				CLANG_WARN_BOOL_CONVERSION = YES;
				CLANG_WARN_COMMA = YES;
				CLANG_WARN_CONSTANT_CONVERSION = YES;
				CLANG_WARN_DEPRECATED_OBJC_IMPLEMENTATIONS = YES;
				CLANG_WARN_DIRECT_OBJC_ISA_USAGE = YES_ERROR;
				CLANG_WARN_DOCUMENTATION_COMMENTS = YES;
				CLANG_WARN_EMPTY_BODY = YES;
				CLANG_WARN_ENUM_CONVERSION = YES;
				CLANG_WARN_INFINITE_RECURSION = YES;
				CLANG_WARN_INT_CONVERSION = YES;
				CLANG_WARN_NON_LITERAL_NULL_CONVERSION = YES;
				CLANG_WARN_OBJC_IMPLICIT_RETAIN_SELF = YES;
				CLANG_WARN_OBJC_LITERAL_CONVERSION = YES;
				CLANG_WARN_OBJC_ROOT_CLASS = YES_ERROR;
				CLANG_WARN_QUOTED_INCLUDE_IN_FRAMEWORK_HEADER = YES;
				CLANG_WARN_RANGE_LOOP_ANALYSIS = YES;
				CLANG_WARN_STRICT_PROTOTYPES = YES;
				CLANG_WARN_SUSPICIOUS_MOVE = YES;
				CLANG_WARN_UNGUARDED_AVAILABILITY = YES_AGGRESSIVE;
				CLANG_WARN_UNREACHABLE_CODE = YES;
				CLANG_WARN__DUPLICATE_METHOD_MATCH = YES;
				COPY_PHASE_STRIP = NO;
				DEBUG_INFORMATION_FORMAT = dwarf;
				ENABLE_STRICT_OBJC_MSGSEND = YES;
				ENABLE_TESTABILITY = YES;
				GCC_C_LANGUAGE_STANDARD = gnu11;
				GCC_DYNAMIC_NO_PIC = NO;
				GCC_NO_COMMON_BLOCKS = YES;
				GCC_OPTIMIZATION_LEVEL = 0;
				GCC_PREPROCESSOR_DEFINITIONS = (
					"DEBUG=1",
					"$(inherited)",
				);
				GCC_WARN_64_TO_32_BIT_CONVERSION = YES;
				GCC_WARN_ABOUT_RETURN_TYPE = YES_ERROR;
				GCC_WARN_UNDECLARED_SELECTOR = YES;
				GCC_WARN_UNINITIALIZED_AUTOS = YES_AGGRESSIVE;
				GCC_WARN_UNUSED_FUNCTION = YES;
				GCC_WARN_UNUSED_VARIABLE = YES;
				IPHONEOS_DEPLOYMENT_TARGET = 15.0;
				MTL_ENABLE_DEBUG_INFO = INCLUDE_SOURCE;
				MTL_FAST_MATH = YES;
				ONLY_ACTIVE_ARCH = YES;
				SDKROOT = iphoneos;
				SWIFT_ACTIVE_COMPILATION_CONDITIONS = DEBUG;
				SWIFT_OPTIMIZATION_LEVEL = "-Onone";
			};
			name = Debug;
		};
		29200A8127B458220092E649 /* Release */ = {
			isa = XCBuildConfiguration;
			buildSettings = {
				ALWAYS_SEARCH_USER_PATHS = NO;
				CLANG_ANALYZER_NONNULL = YES;
				CLANG_ANALYZER_NUMBER_OBJECT_CONVERSION = YES_AGGRESSIVE;
				CLANG_CXX_LANGUAGE_STANDARD = "gnu++17";
				CLANG_CXX_LIBRARY = "libc++";
				CLANG_ENABLE_MODULES = YES;
				CLANG_ENABLE_OBJC_ARC = YES;
				CLANG_ENABLE_OBJC_WEAK = YES;
				CLANG_WARN_BLOCK_CAPTURE_AUTORELEASING = YES;
				CLANG_WARN_BOOL_CONVERSION = YES;
				CLANG_WARN_COMMA = YES;
				CLANG_WARN_CONSTANT_CONVERSION = YES;
				CLANG_WARN_DEPRECATED_OBJC_IMPLEMENTATIONS = YES;
				CLANG_WARN_DIRECT_OBJC_ISA_USAGE = YES_ERROR;
				CLANG_WARN_DOCUMENTATION_COMMENTS = YES;
				CLANG_WARN_EMPTY_BODY = YES;
				CLANG_WARN_ENUM_CONVERSION = YES;
				CLANG_WARN_INFINITE_RECURSION = YES;
				CLANG_WARN_INT_CONVERSION = YES;
				CLANG_WARN_NON_LITERAL_NULL_CONVERSION = YES;
				CLANG_WARN_OBJC_IMPLICIT_RETAIN_SELF = YES;
				CLANG_WARN_OBJC_LITERAL_CONVERSION = YES;
				CLANG_WARN_OBJC_ROOT_CLASS = YES_ERROR;
				CLANG_WARN_QUOTED_INCLUDE_IN_FRAMEWORK_HEADER = YES;
				CLANG_WARN_RANGE_LOOP_ANALYSIS = YES;
				CLANG_WARN_STRICT_PROTOTYPES = YES;
				CLANG_WARN_SUSPICIOUS_MOVE = YES;
				CLANG_WARN_UNGUARDED_AVAILABILITY = YES_AGGRESSIVE;
				CLANG_WARN_UNREACHABLE_CODE = YES;
				CLANG_WARN__DUPLICATE_METHOD_MATCH = YES;
				COPY_PHASE_STRIP = NO;
				DEBUG_INFORMATION_FORMAT = "dwarf-with-dsym";
				ENABLE_NS_ASSERTIONS = NO;
				ENABLE_STRICT_OBJC_MSGSEND = YES;
				GCC_C_LANGUAGE_STANDARD = gnu11;
				GCC_NO_COMMON_BLOCKS = YES;
				GCC_WARN_64_TO_32_BIT_CONVERSION = YES;
				GCC_WARN_ABOUT_RETURN_TYPE = YES_ERROR;
				GCC_WARN_UNDECLARED_SELECTOR = YES;
				GCC_WARN_UNINITIALIZED_AUTOS = YES_AGGRESSIVE;
				GCC_WARN_UNUSED_FUNCTION = YES;
				GCC_WARN_UNUSED_VARIABLE = YES;
				IPHONEOS_DEPLOYMENT_TARGET = 15.0;
				MTL_ENABLE_DEBUG_INFO = NO;
				MTL_FAST_MATH = YES;
				SDKROOT = iphoneos;
				SWIFT_COMPILATION_MODE = wholemodule;
				SWIFT_OPTIMIZATION_LEVEL = "-O";
				VALIDATE_PRODUCT = YES;
			};
			name = Release;
		};
		29200A8327B458220092E649 /* Debug */ = {
			isa = XCBuildConfiguration;
			buildSettings = {
				ASSETCATALOG_COMPILER_APPICON_NAME = AppIcon;
				ASSETCATALOG_COMPILER_GLOBAL_ACCENT_COLOR_NAME = AccentColor;
				CODE_SIGN_STYLE = Automatic;
				CURRENT_PROJECT_VERSION = 1;
				DEVELOPMENT_ASSET_PATHS = "\"SwiftUIShaders/Preview Content\"";
				ENABLE_PREVIEWS = YES;
				GENERATE_INFOPLIST_FILE = YES;
				INFOPLIST_KEY_UIApplicationSceneManifest_Generation = YES;
				INFOPLIST_KEY_UIApplicationSupportsIndirectInputEvents = YES;
				INFOPLIST_KEY_UILaunchScreen_Generation = YES;
				INFOPLIST_KEY_UISupportedInterfaceOrientations_iPad = "UIInterfaceOrientationPortrait UIInterfaceOrientationPortraitUpsideDown UIInterfaceOrientationLandscapeLeft UIInterfaceOrientationLandscapeRight";
				INFOPLIST_KEY_UISupportedInterfaceOrientations_iPhone = "UIInterfaceOrientationPortrait UIInterfaceOrientationLandscapeLeft UIInterfaceOrientationLandscapeRight";
				LD_RUNPATH_SEARCH_PATHS = (
					"$(inherited)",
					"@executable_path/Frameworks",
				);
				MARKETING_VERSION = 1.0;
				PRODUCT_BUNDLE_IDENTIFIER = com.nutterfi.SwiftUIShaders;
				PRODUCT_NAME = "$(TARGET_NAME)";
				SWIFT_EMIT_LOC_STRINGS = YES;
				SWIFT_VERSION = 5.0;
				TARGETED_DEVICE_FAMILY = "1,2";
			};
			name = Debug;
		};
		29200A8427B458220092E649 /* Release */ = {
			isa = XCBuildConfiguration;
			buildSettings = {
				ASSETCATALOG_COMPILER_APPICON_NAME = AppIcon;
				ASSETCATALOG_COMPILER_GLOBAL_ACCENT_COLOR_NAME = AccentColor;
				CODE_SIGN_STYLE = Automatic;
				CURRENT_PROJECT_VERSION = 1;
				DEVELOPMENT_ASSET_PATHS = "\"SwiftUIShaders/Preview Content\"";
				ENABLE_PREVIEWS = YES;
				GENERATE_INFOPLIST_FILE = YES;
				INFOPLIST_KEY_UIApplicationSceneManifest_Generation = YES;
				INFOPLIST_KEY_UIApplicationSupportsIndirectInputEvents = YES;
				INFOPLIST_KEY_UILaunchScreen_Generation = YES;
				INFOPLIST_KEY_UISupportedInterfaceOrientations_iPad = "UIInterfaceOrientationPortrait UIInterfaceOrientationPortraitUpsideDown UIInterfaceOrientationLandscapeLeft UIInterfaceOrientationLandscapeRight";
				INFOPLIST_KEY_UISupportedInterfaceOrientations_iPhone = "UIInterfaceOrientationPortrait UIInterfaceOrientationLandscapeLeft UIInterfaceOrientationLandscapeRight";
				LD_RUNPATH_SEARCH_PATHS = (
					"$(inherited)",
					"@executable_path/Frameworks",
				);
				MARKETING_VERSION = 1.0;
				PRODUCT_BUNDLE_IDENTIFIER = com.nutterfi.SwiftUIShaders;
				PRODUCT_NAME = "$(TARGET_NAME)";
				SWIFT_EMIT_LOC_STRINGS = YES;
				SWIFT_VERSION = 5.0;
				TARGETED_DEVICE_FAMILY = "1,2";
			};
			name = Release;
		};
/* End XCBuildConfiguration section */

/* Begin XCConfigurationList section */
		29200A6F27B458200092E649 /* Build configuration list for PBXProject "SwiftUIShaders" */ = {
			isa = XCConfigurationList;
			buildConfigurations = (
				29200A8027B458220092E649 /* Debug */,
				29200A8127B458220092E649 /* Release */,
			);
			defaultConfigurationIsVisible = 0;
			defaultConfigurationName = Release;
		};
		29200A8227B458220092E649 /* Build configuration list for PBXNativeTarget "SwiftUIShaders" */ = {
			isa = XCConfigurationList;
			buildConfigurations = (
				29200A8327B458220092E649 /* Debug */,
				29200A8427B458220092E649 /* Release */,
			);
			defaultConfigurationIsVisible = 0;
			defaultConfigurationName = Release;
		};
/* End XCConfigurationList section */

/* Begin XCRemoteSwiftPackageReference section */
		29200A8D27B4F3410092E649 /* XCRemoteSwiftPackageReference "Shapes" */ = {
			isa = XCRemoteSwiftPackageReference;
			repositoryURL = "https://github.com/nutterfi/Shapes";
			requirement = {
				branch = main;
				kind = branch;
			};
		};
/* End XCRemoteSwiftPackageReference section */

/* Begin XCSwiftPackageProductDependency section */
		29200A8E27B4F3410092E649 /* Shapes */ = {
			isa = XCSwiftPackageProductDependency;
			package = 29200A8D27B4F3410092E649 /* XCRemoteSwiftPackageReference "Shapes" */;
			productName = Shapes;
		};
/* End XCSwiftPackageProductDependency section */
	};
	rootObject = 29200A6C27B458200092E649 /* Project object */;
}
